<?xml version="1.0" encoding="utf-8"?>
<Project ToolsVersion="4.0" xmlns="http://schemas.microsoft.com/developer/msbuild/2003">
  <ItemGroup>
    <Filter Include="Source Files">
      <UniqueIdentifier>{4FC737F1-C7A5-4376-A066-2A32D752A2FF}</UniqueIdentifier>
      <Extensions>cpp;c;cc;cxx;def;odl;idl;hpj;bat;asm;asmx</Extensions>
    </Filter>
    <Filter Include="Source Files\Control">
      <UniqueIdentifier>{42c60b38-a794-4c43-8613-5e582e957c92}</UniqueIdentifier>
    </Filter>
    <Filter Include="Header Files">
      <UniqueIdentifier>{93995380-89BD-4b04-88EB-625FBE52EBFB}</UniqueIdentifier>
      <Extensions>h;hpp;hxx;hm;inl;inc;xsd</Extensions>
    </Filter>
    <Filter Include="Header Files\Control">
      <UniqueIdentifier>{76fa2463-374a-4b3b-85e4-f2feee8634ba}</UniqueIdentifier>
    </Filter>
    <Filter Include="Static Files">
      <UniqueIdentifier>{cb4640f2-0e07-4dd8-8b4d-34043d752429}</UniqueIdentifier>
    </Filter>
  </ItemGroup>
  <ItemGroup>
    <ClCompile Include="Character.cpp">
      <Filter>Source Files</Filter>
    </ClCompile>
    <ClCompile Include="SimGlobals.cpp">
      <Filter>Source Files</Filter>
    </ClCompile>
    <ClCompile Include="SimpleStyleParameters.cpp">
      <Filter>Source Files</Filter>
    </ClCompile>
    <ClCompile Include="TwoLinkIK.cpp">
      <Filter>Source Files</Filter>
    </ClCompile>
    <ClCompile Include="WorldOracle.cpp">
      <Filter>Source Files</Filter>
    </ClCompile>
    <ClCompile Include="ActionCollectionPolicy.cpp">
      <Filter>Source Files\Control</Filter>
    </ClCompile>
    <ClCompile Include="BalanceFeedback.cpp">
      <Filter>Source Files\Control</Filter>
    </ClCompile>
    <ClCompile Include="BehaviourController.cpp">
      <Filter>Source Files\Control</Filter>
    </ClCompile>
    <ClCompile Include="BipV3BalanceController.cpp">
      <Filter>Source Files\Control</Filter>
    </ClCompile>
    <ClCompile Include="CompositeController.cpp">
      <Filter>Source Files\Control</Filter>
    </ClCompile>
    <ClCompile Include="Controller.cpp">
      <Filter>Source Files\Control</Filter>
    </ClCompile>
    <ClCompile Include="ConUtils.cpp">
      <Filter>Source Files\Control</Filter>
    </ClCompile>
    <ClCompile Include="DuckController.cpp">
      <Filter>Source Files\Control</Filter>
    </ClCompile>
    <ClCompile Include="IKVMCController.cpp">
      <Filter>Source Files\Control</Filter>
    </ClCompile>
    <ClCompile Include="PoseController.cpp">
      <Filter>Source Files\Control</Filter>
    </ClCompile>
    <ClCompile Include="SimBiConState.cpp">
      <Filter>Source Files\Control</Filter>
    </ClCompile>
    <ClCompile Include="SimBiController.cpp">
      <Filter>Source Files\Control</Filter>
    </ClCompile>
    <ClCompile Include="SimpleControlPolicy.cpp">
      <Filter>Source Files\Control</Filter>
    </ClCompile>
    <ClCompile Include="TurnController.cpp">
      <Filter>Source Files\Control</Filter>
    </ClCompile>
    <ClCompile Include="VirtualModelController.cpp">
      <Filter>Source Files\Control</Filter>
    </ClCompile>
    <ClCompile Include="Core_wrap.cpp">
      <Filter>Static Files</Filter>
    </ClCompile>
  </ItemGroup>
  <ItemGroup>
    <ClInclude Include="Character.h">
      <Filter>Header Files</Filter>
    </ClInclude>
    <ClInclude Include="SimGlobals.h">
      <Filter>Header Files</Filter>
    </ClInclude>
    <ClInclude Include="SimpleStyleParameters.h">
      <Filter>Header Files</Filter>
    </ClInclude>
    <ClInclude Include="TwoLinkIK.h">
      <Filter>Header Files</Filter>
    </ClInclude>
    <ClInclude Include="WorldOracle.h">
      <Filter>Header Files</Filter>
    </ClInclude>
    <ClInclude Include="ActionCollectionPolicy.h">
      <Filter>Header Files\Control</Filter>
    </ClInclude>
    <ClInclude Include="BalanceFeedback.h">
      <Filter>Header Files\Control</Filter>
    </ClInclude>
    <ClInclude Include="BehaviourController.h">
      <Filter>Header Files\Control</Filter>
    </ClInclude>
    <ClInclude Include="BipV3BalanceController.h">
      <Filter>Header Files\Control</Filter>
    </ClInclude>
    <ClInclude Include="CompositeController.h">
      <Filter>Header Files\Control</Filter>
    </ClInclude>
    <ClInclude Include="Controller.h">
      <Filter>Header Files\Control</Filter>
    </ClInclude>
    <ClInclude Include="ConUtils.h">
      <Filter>Header Files\Control</Filter>
    </ClInclude>
    <ClInclude Include="DuckController.h">
      <Filter>Header Files\Control</Filter>
    </ClInclude>
    <ClInclude Include="ExtendedCharacterState.h">
      <Filter>Header Files\Control</Filter>
    </ClInclude>
    <ClInclude Include="ExtReferenceFrame.h">
      <Filter>Header Files\Control</Filter>
    </ClInclude>
    <ClInclude Include="IKVMCController.h">
      <Filter>Header Files\Control</Filter>
    </ClInclude>
    <ClInclude Include="PoseController.h">
      <Filter>Header Files\Control</Filter>
    </ClInclude>
    <ClInclude Include="SimBiConState.h">
      <Filter>Header Files\Control</Filter>
    </ClInclude>
    <ClInclude Include="SimBiController.h">
      <Filter>Header Files\Control</Filter>
    </ClInclude>
    <ClInclude Include="SimpleControlPolicy.h">
      <Filter>Header Files\Control</Filter>
    </ClInclude>
    <ClInclude Include="TurnController.h">
      <Filter>Header Files\Control</Filter>
    </ClInclude>
    <ClInclude Include="VirtualModelController.h">
      <Filter>Header Files\Control</Filter>
    </ClInclude>
    <ClInclude Include="CoreDll.h">
      <Filter>Static Files</Filter>
    </ClInclude>
  </ItemGroup>
  <ItemGroup>
    <None Include="Core.i" />
    <None Include="..\Python\CoreTest.py" />
  </ItemGroup>
</Project>